
Microsoft Visual Studio Solution File, Format Version 12.00
# Visual Studio 15
Project("{FAE04EC0-301F-11D3-BF4B-00C04F79EFBC}") = "Assembly-CSharp", "Assembly-CSharp.csproj", "{571858C5-58F4-004C-A996-197C2087325C}"
EndProject
Project("{FAE04EC0-301F-11D3-BF4B-00C04F79EFBC}") = "GoogleMobileAds.Editor", "GoogleMobileAds.Editor.csproj", "{7212B42B-B2EC-D9C4-19EA-84114D82C9AB}"
EndProject
Global
	GlobalSection(SolutionConfigurationPlatforms) = preSolution
		Debug|Any CPU = Debug|Any CPU
		Release|Any CPU = Release|Any CPU
	EndGlobalSection
	GlobalSection(ProjectConfigurationPlatforms) = postSolution
		{571858C5-58F4-004C-A996-197C2087325C}.Debug|Any CPU.ActiveCfg = Debug|Any CPU
		{571858C5-58F4-004C-A996-197C2087325C}.Debug|Any CPU.Build.0 = Debug|Any CPU
		{571858C5-58F4-004C-A996-197C2087325C}.Release|Any CPU.ActiveCfg = Release|Any CPU
		{571858C5-58F4-004C-A996-197C2087325C}.Release|Any CPU.Build.0 = Release|Any CPU
		{7212B42B-B2EC-D9C4-19EA-84114D82C9AB}.Debug|Any CPU.ActiveCfg = Debug|Any CPU
		{7212B42B-B2EC-D9C4-19EA-84114D82C9AB}.Debug|Any CPU.Build.0 = Debug|Any CPU
		{7212B42B-B2EC-D9C4-19EA-84114D82C9AB}.Release|Any CPU.ActiveCfg = Release|Any CPU
		{7212B42B-B2EC-D9C4-19EA-84114D82C9AB}.Release|Any CPU.Build.0 = Release|Any CPU
	EndGlobalSection
	GlobalSection(SolutionProperties) = preSolution
		HideSolutionNode = FALSE
	EndGlobalSection
EndGlobal
